
Microsoft Visual Studio Solution File, Format Version 12.00
# Visual Studio Version 16
VisualStudioVersion = 16.0.30804.86
MinimumVisualStudioVersion = 10.0.40219.1
Project("{FAE04EC0-301F-11D3-BF4B-00C04F79EFBC}") = "paixu", "paixu\paixu.csproj", "{38E4DCC1-A082-4D25-9609-47F97BB8CEB7}"
EndProject
Global
	GlobalSection(SolutionConfigurationPlatforms) = preSolution
		Debug|Any CPU = Debug|Any CPU
		Release|Any CPU = Release|Any CPU
	EndGlobalSection
	GlobalSection(ProjectConfigurationPlatforms) = postSolution
		{38E4DCC1-A082-4D25-9609-47F97BB8CEB7}.Debug|Any CPU.ActiveCfg = Debug|Any CPU
		{38E4DCC1-A082-4D25-9609-47F97BB8CEB7}.Debug|Any CPU.Build.0 = Debug|Any CPU
		{38E4DCC1-A082-4D25-9609-47F97BB8CEB7}.Release|Any CPU.ActiveCfg = Release|Any CPU
		{38E4DCC1-A082-4D25-9609-47F97BB8CEB7}.Release|Any CPU.Build.0 = Release|Any CPU
	EndGlobalSection
	GlobalSection(SolutionProperties) = preSolution
		HideSolutionNode = FALSE
	EndGlobalSection
	GlobalSection(ExtensibilityGlobals) = postSolution
		SolutionGuid = {CD9C4FD9-90E2-4616-BE08-309DDC5E1F01}
	EndGlobalSection
EndGlobal
